
Microsoft Visual Studio Solution File, Format Version 12.00
# Visual Studio Version 17
VisualStudioVersion = 17.10.34916.146
MinimumVisualStudioVersion = 10.0.40219.1
Project("{FAE04EC0-301F-11D3-BF4B-00C04F79EFBC}") = "BulkyBookWeb", "BulkyBookWeb\BulkyBookWeb.csproj", "{F81C1DDA-0C2B-4B0C-AFFC-53F37017061E}"
EndProject
Global
	GlobalSection(SolutionConfigurationPlatforms) = preSolution
		Debug|Any CPU = Debug|Any CPU
		Release|Any CPU = Release|Any CPU
	EndGlobalSection
	GlobalSection(ProjectConfigurationPlatforms) = postSolution
		{F81C1DDA-0C2B-4B0C-AFFC-53F37017061E}.Debug|Any CPU.ActiveCfg = Debug|Any CPU
		{F81C1DDA-0C2B-4B0C-AFFC-53F37017061E}.Debug|Any CPU.Build.0 = Debug|Any CPU
		{F81C1DDA-0C2B-4B0C-AFFC-53F37017061E}.Release|Any CPU.ActiveCfg = Release|Any CPU
		{F81C1DDA-0C2B-4B0C-AFFC-53F37017061E}.Release|Any CPU.Build.0 = Release|Any CPU
	EndGlobalSection
	GlobalSection(SolutionProperties) = preSolution
		HideSolutionNode = FALSE
	EndGlobalSection
	GlobalSection(ExtensibilityGlobals) = postSolution
		SolutionGuid = {FE242961-942B-42C1-BC72-8EBA8F37328A}
	EndGlobalSection
EndGlobal
